
Microsoft Visual Studio Solution File, Format Version 11.00
# Visual Studio 2010
Project("{FAE04EC0-301F-11D3-BF4B-00C04F79EFBC}") = "Assembly-CSharp", "Assembly-CSharp.csproj", "{5c676e69-63c3-3359-2275-81ac923baaa9}"
EndProject
Project("{FAE04EC0-301F-11D3-BF4B-00C04F79EFBC}") = "Assembly-CSharp-Editor", "Assembly-CSharp-Editor.csproj", "{12cffc05-75c9-7646-565b-9f767c66a39e}"
EndProject
Global
	GlobalSection(SolutionConfigurationPlatforms) = preSolution
		Debug|Any CPU = Debug|Any CPU
	EndGlobalSection
	GlobalSection(ProjectConfigurationPlatforms) = postSolution
		{5c676e69-63c3-3359-2275-81ac923baaa9}.Debug|Any CPU.ActiveCfg = Debug|Any CPU
		{5c676e69-63c3-3359-2275-81ac923baaa9}.Debug|Any CPU.Build.0 = Debug|Any CPU
		{12cffc05-75c9-7646-565b-9f767c66a39e}.Debug|Any CPU.ActiveCfg = Debug|Any CPU
		{12cffc05-75c9-7646-565b-9f767c66a39e}.Debug|Any CPU.Build.0 = Debug|Any CPU
	EndGlobalSection
	GlobalSection(SolutionProperties) = preSolution
		HideSolutionNode = FALSE
	EndGlobalSection
EndGlobal
